// !$*UTF8*$!
{
	archiveVersion = 1;
	classes = {
	};
	objectVersion = 56;
	objects = {

/* Begin PBXBuildFile section */
		4853B60F2DA590DC00E64A85 /* MyMapAppApp.swift in Sources */ = {isa = PBXBuildFile; fileRef = 4853B60E2DA590DC00E64A85 /* MyMapAppApp.swift */; };
		4853B6162DA590DD00E64A85 /* Preview Assets.xcassets in Resources */ = {isa = PBXBuildFile; fileRef = 4853B6152DA590DD00E64A85 /* Preview Assets.xcassets */; };
		4853B6232DA5920000E64A85 /* Assets.xcassets in Resources */ = {isa = PBXBuildFile; fileRef = 4853B6222DA5920000E64A85 /* Assets.xcassets */; };
		4853B6252DA5922F00E64A85 /* Locations.swift in Sources */ = {isa = PBXBuildFile; fileRef = 4853B6242DA5922F00E64A85 /* Locations.swift */; };
		4853B6282DA5931E00E64A85 /* LocationsDataService.swift in Sources */ = {isa = PBXBuildFile; fileRef = 4853B6272DA5931E00E64A85 /* LocationsDataService.swift */; };
		4853B62A2DA59ADB00E64A85 /* LocationsView.swift in Sources */ = {isa = PBXBuildFile; fileRef = 4853B6292DA59ADB00E64A85 /* LocationsView.swift */; };
		4853B62C2DA59D2600E64A85 /* LocationsViewModel.swift in Sources */ = {isa = PBXBuildFile; fileRef = 4853B62B2DA59D2600E64A85 /* LocationsViewModel.swift */; };
		489441392DAECDFD00E0A0DB /* LocationsDetailView.swift in Sources */ = {isa = PBXBuildFile; fileRef = 489441382DAECDFD00E0A0DB /* LocationsDetailView.swift */; };
		48B77F092DA9F374001F05E5 /* LocationPreviewView.swift in Sources */ = {isa = PBXBuildFile; fileRef = 48B77F082DA9F374001F05E5 /* LocationPreviewView.swift */; };
		48B947CE2DA6F5740094C48B /* LocationsListView.swift in Sources */ = {isa = PBXBuildFile; fileRef = 48B947CD2DA6F5740094C48B /* LocationsListView.swift */; };
		48D0CB022DADD36300FE1218 /* MapLocationPreviewView.swift in Sources */ = {isa = PBXBuildFile; fileRef = 48D0CB012DADD36300FE1218 /* MapLocationPreviewView.swift */; };
/* End PBXBuildFile section */

/* Begin PBXFileReference section */
		4853B60B2DA590DC00E64A85 /* MyMapApp.app */ = {isa = PBXFileReference; explicitFileType = wrapper.application; includeInIndex = 0; path = MyMapApp.app; sourceTree = BUILT_PRODUCTS_DIR; };
		4853B60E2DA590DC00E64A85 /* MyMapAppApp.swift */ = {isa = PBXFileReference; lastKnownFileType = sourcecode.swift; path = MyMapAppApp.swift; sourceTree = "<group>"; };
		4853B6152DA590DD00E64A85 /* Preview Assets.xcassets */ = {isa = PBXFileReference; lastKnownFileType = folder.assetcatalog; path = "Preview Assets.xcassets"; sourceTree = "<group>"; };
		4853B6222DA5920000E64A85 /* Assets.xcassets */ = {isa = PBXFileReference; lastKnownFileType = folder.assetcatalog; path = Assets.xcassets; sourceTree = "<group>"; };
		4853B6242DA5922F00E64A85 /* Locations.swift */ = {isa = PBXFileReference; lastKnownFileType = sourcecode.swift; path = Locations.swift; sourceTree = "<group>"; };
		4853B6272DA5931E00E64A85 /* LocationsDataService.swift */ = {isa = PBXFileReference; fileEncoding = 4; lastKnownFileType = sourcecode.swift; path = LocationsDataService.swift; sourceTree = "<group>"; };
		4853B6292DA59ADB00E64A85 /* LocationsView.swift */ = {isa = PBXFileReference; lastKnownFileType = sourcecode.swift; path = LocationsView.swift; sourceTree = "<group>"; };
		4853B62B2DA59D2600E64A85 /* LocationsViewModel.swift */ = {isa = PBXFileReference; lastKnownFileType = sourcecode.swift; path = LocationsViewModel.swift; sourceTree = "<group>"; };
		489441382DAECDFD00E0A0DB /* LocationsDetailView.swift */ = {isa = PBXFileReference; lastKnownFileType = sourcecode.swift; path = LocationsDetailView.swift; sourceTree = "<group>"; };
		4894413A2DAF1EA600E0A0DB /* Info.plist */ = {isa = PBXFileReference; lastKnownFileType = text.plist; path = Info.plist; sourceTree = "<group>"; };
		48B77F082DA9F374001F05E5 /* LocationPreviewView.swift */ = {isa = PBXFileReference; lastKnownFileType = sourcecode.swift; path = LocationPreviewView.swift; sourceTree = "<group>"; };
		48B947CD2DA6F5740094C48B /* LocationsListView.swift */ = {isa = PBXFileReference; lastKnownFileType = sourcecode.swift; path = LocationsListView.swift; sourceTree = "<group>"; };
		48D0CB012DADD36300FE1218 /* MapLocationPreviewView.swift */ = {isa = PBXFileReference; lastKnownFileType = sourcecode.swift; path = MapLocationPreviewView.swift; sourceTree = "<group>"; };
/* End PBXFileReference section */

/* Begin PBXFrameworksBuildPhase section */
		4853B6082DA590DC00E64A85 /* Frameworks */ = {
			isa = PBXFrameworksBuildPhase;
			buildActionMask = 2147483647;
			files = (
			);
			runOnlyForDeploymentPostprocessing = 0;
		};
/* End PBXFrameworksBuildPhase section */

/* Begin PBXGroup section */
		4853B6022DA590DC00E64A85 = {
			isa = PBXGroup;
			children = (
				4853B60D2DA590DC00E64A85 /* MyMapApp */,
				4853B60C2DA590DC00E64A85 /* Products */,
			);
			sourceTree = "<group>";
		};
		4853B60C2DA590DC00E64A85 /* Products */ = {
			isa = PBXGroup;
			children = (
				4853B60B2DA590DC00E64A85 /* MyMapApp.app */,
			);
			name = Products;
			sourceTree = "<group>";
		};
		4853B60D2DA590DC00E64A85 /* MyMapApp */ = {
			isa = PBXGroup;
			children = (
				4894413A2DAF1EA600E0A0DB /* Info.plist */,
				4853B60E2DA590DC00E64A85 /* MyMapAppApp.swift */,
				4853B6262DA592F100E64A85 /* DataServices */,
				4853B6222DA5920000E64A85 /* Assets.xcassets */,
				4853B61E2DA5914F00E64A85 /* Views */,
				4853B61F2DA5915A00E64A85 /* ViewModels */,
				4853B6212DA5917500E64A85 /* Models */,
				4853B6142DA590DD00E64A85 /* Preview Content */,
			);
			path = MyMapApp;
			sourceTree = "<group>";
		};
		4853B6142DA590DD00E64A85 /* Preview Content */ = {
			isa = PBXGroup;
			children = (
				4853B6152DA590DD00E64A85 /* Preview Assets.xcassets */,
			);
			path = "Preview Content";
			sourceTree = "<group>";
		};
		4853B61E2DA5914F00E64A85 /* Views */ = {
			isa = PBXGroup;
			children = (
				48B947CD2DA6F5740094C48B /* LocationsListView.swift */,
				4853B6292DA59ADB00E64A85 /* LocationsView.swift */,
				48B77F082DA9F374001F05E5 /* LocationPreviewView.swift */,
				48D0CB012DADD36300FE1218 /* MapLocationPreviewView.swift */,
				489441382DAECDFD00E0A0DB /* LocationsDetailView.swift */,
			);
			path = Views;
			sourceTree = "<group>";
		};
		4853B61F2DA5915A00E64A85 /* ViewModels */ = {
			isa = PBXGroup;
			children = (
				4853B62B2DA59D2600E64A85 /* LocationsViewModel.swift */,
			);
			path = ViewModels;
			sourceTree = "<group>";
		};
		4853B6212DA5917500E64A85 /* Models */ = {
			isa = PBXGroup;
			children = (
				4853B6242DA5922F00E64A85 /* Locations.swift */,
			);
			path = Models;
			sourceTree = "<group>";
		};
		4853B6262DA592F100E64A85 /* DataServices */ = {
			isa = PBXGroup;
			children = (
				4853B6272DA5931E00E64A85 /* LocationsDataService.swift */,
			);
			path = DataServices;
			sourceTree = "<group>";
		};
/* End PBXGroup section */

/* Begin PBXNativeTarget section */
		4853B60A2DA590DC00E64A85 /* MyMapApp */ = {
			isa = PBXNativeTarget;
			buildConfigurationList = 4853B6192DA590DD00E64A85 /* Build configuration list for PBXNativeTarget "MyMapApp" */;
			buildPhases = (
				4853B6072DA590DC00E64A85 /* Sources */,
				4853B6082DA590DC00E64A85 /* Frameworks */,
				4853B6092DA590DC00E64A85 /* Resources */,
			);
			buildRules = (
			);
			dependencies = (
			);
			name = MyMapApp;
			productName = MyMapApp;
			productReference = 4853B60B2DA590DC00E64A85 /* MyMapApp.app */;
			productType = "com.apple.product-type.application";
		};
/* End PBXNativeTarget section */

/* Begin PBXProject section */
		4853B6032DA590DC00E64A85 /* Project object */ = {
			isa = PBXProject;
			attributes = {
				BuildIndependentTargetsInParallel = 1;
				LastSwiftUpdateCheck = 1430;
				LastUpgradeCheck = 1430;
				TargetAttributes = {
					4853B60A2DA590DC00E64A85 = {
						CreatedOnToolsVersion = 14.3.1;
					};
				};
			};
			buildConfigurationList = 4853B6062DA590DC00E64A85 /* Build configuration list for PBXProject "MyMapApp" */;
			compatibilityVersion = "Xcode 14.0";
			developmentRegion = en;
			hasScannedForEncodings = 0;
			knownRegions = (
				en,
				Base,
			);
			mainGroup = 4853B6022DA590DC00E64A85;
			productRefGroup = 4853B60C2DA590DC00E64A85 /* Products */;
			projectDirPath = "";
			projectRoot = "";
			targets = (
				4853B60A2DA590DC00E64A85 /* MyMapApp */,
			);
		};
/* End PBXProject section */

/* Begin PBXResourcesBuildPhase section */
		4853B6092DA590DC00E64A85 /* Resources */ = {
			isa = PBXResourcesBuildPhase;
			buildActionMask = 2147483647;
			files = (
				4853B6232DA5920000E64A85 /* Assets.xcassets in Resources */,
				4853B6162DA590DD00E64A85 /* Preview Assets.xcassets in Resources */,
			);
			runOnlyForDeploymentPostprocessing = 0;
		};
/* End PBXResourcesBuildPhase section */

/* Begin PBXSourcesBuildPhase section */
		4853B6072DA590DC00E64A85 /* Sources */ = {
			isa = PBXSourcesBuildPhase;
			buildActionMask = 2147483647;
			files = (
				4853B6282DA5931E00E64A85 /* LocationsDataService.swift in Sources */,
				4853B62C2DA59D2600E64A85 /* LocationsViewModel.swift in Sources */,
				489441392DAECDFD00E0A0DB /* LocationsDetailView.swift in Sources */,
				4853B6252DA5922F00E64A85 /* Locations.swift in Sources */,
				48D0CB022DADD36300FE1218 /* MapLocationPreviewView.swift in Sources */,
				48B947CE2DA6F5740094C48B /* LocationsListView.swift in Sources */,
				48B77F092DA9F374001F05E5 /* LocationPreviewView.swift in Sources */,
				4853B62A2DA59ADB00E64A85 /* LocationsView.swift in Sources */,
				4853B60F2DA590DC00E64A85 /* MyMapAppApp.swift in Sources */,
			);
			runOnlyForDeploymentPostprocessing = 0;
		};
/* End PBXSourcesBuildPhase section */

/* Begin XCBuildConfiguration section */
		4853B6172DA590DD00E64A85 /* Debug */ = {
			isa = XCBuildConfiguration;
			buildSettings = {
				ALWAYS_SEARCH_USER_PATHS = NO;
				CLANG_ANALYZER_NONNULL = YES;
				CLANG_ANALYZER_NUMBER_OBJECT_CONVERSION = YES_AGGRESSIVE;
				CLANG_CXX_LANGUAGE_STANDARD = "gnu++20";
				CLANG_ENABLE_MODULES = YES;
				CLANG_ENABLE_OBJC_ARC = YES;
				CLANG_ENABLE_OBJC_WEAK = YES;
				CLANG_WARN_BLOCK_CAPTURE_AUTORELEASING = YES;
				CLANG_WARN_BOOL_CONVERSION = YES;
				CLANG_WARN_COMMA = YES;
				CLANG_WARN_CONSTANT_CONVERSION = YES;
				CLANG_WARN_DEPRECATED_OBJC_IMPLEMENTATIONS = YES;
				CLANG_WARN_DIRECT_OBJC_ISA_USAGE = YES_ERROR;
				CLANG_WARN_DOCUMENTATION_COMMENTS = YES;
				CLANG_WARN_EMPTY_BODY = YES;
				CLANG_WARN_ENUM_CONVERSION = YES;
				CLANG_WARN_INFINITE_RECURSION = YES;
				CLANG_WARN_INT_CONVERSION = YES;
				CLANG_WARN_NON_LITERAL_NULL_CONVERSION = YES;
				CLANG_WARN_OBJC_IMPLICIT_RETAIN_SELF = YES;
				CLANG_WARN_OBJC_LITERAL_CONVERSION = YES;
				CLANG_WARN_OBJC_ROOT_CLASS = YES_ERROR;
				CLANG_WARN_QUOTED_INCLUDE_IN_FRAMEWORK_HEADER = YES;
				CLANG_WARN_RANGE_LOOP_ANALYSIS = YES;
				CLANG_WARN_STRICT_PROTOTYPES = YES;
				CLANG_WARN_SUSPICIOUS_MOVE = YES;
				CLANG_WARN_UNGUARDED_AVAILABILITY = YES_AGGRESSIVE;
				CLANG_WARN_UNREACHABLE_CODE = YES;
				CLANG_WARN__DUPLICATE_METHOD_MATCH = YES;
				COPY_PHASE_STRIP = NO;
				DEBUG_INFORMATION_FORMAT = dwarf;
				ENABLE_STRICT_OBJC_MSGSEND = YES;
				ENABLE_TESTABILITY = YES;
				GCC_C_LANGUAGE_STANDARD = gnu11;
				GCC_DYNAMIC_NO_PIC = NO;
				GCC_NO_COMMON_BLOCKS = YES;
				GCC_OPTIMIZATION_LEVEL = 0;
				GCC_PREPROCESSOR_DEFINITIONS = (
					"DEBUG=1",
					"$(inherited)",
				);
				GCC_WARN_64_TO_32_BIT_CONVERSION = YES;
				GCC_WARN_ABOUT_RETURN_TYPE = YES_ERROR;
				GCC_WARN_UNDECLARED_SELECTOR = YES;
				GCC_WARN_UNINITIALIZED_AUTOS = YES_AGGRESSIVE;
				GCC_WARN_UNUSED_FUNCTION = YES;
				GCC_WARN_UNUSED_VARIABLE = YES;
				IPHONEOS_DEPLOYMENT_TARGET = 16.4;
				MTL_ENABLE_DEBUG_INFO = INCLUDE_SOURCE;
				MTL_FAST_MATH = YES;
				ONLY_ACTIVE_ARCH = YES;
				SDKROOT = iphoneos;
				SWIFT_ACTIVE_COMPILATION_CONDITIONS = DEBUG;
				SWIFT_OPTIMIZATION_LEVEL = "-Onone";
			};
			name = Debug;
		};
		4853B6182DA590DD00E64A85 /* Release */ = {
			isa = XCBuildConfiguration;
			buildSettings = {
				ALWAYS_SEARCH_USER_PATHS = NO;
				CLANG_ANALYZER_NONNULL = YES;
				CLANG_ANALYZER_NUMBER_OBJECT_CONVERSION = YES_AGGRESSIVE;
				CLANG_CXX_LANGUAGE_STANDARD = "gnu++20";
				CLANG_ENABLE_MODULES = YES;
				CLANG_ENABLE_OBJC_ARC = YES;
				CLANG_ENABLE_OBJC_WEAK = YES;
				CLANG_WARN_BLOCK_CAPTURE_AUTORELEASING = YES;
				CLANG_WARN_BOOL_CONVERSION = YES;
				CLANG_WARN_COMMA = YES;
				CLANG_WARN_CONSTANT_CONVERSION = YES;
				CLANG_WARN_DEPRECATED_OBJC_IMPLEMENTATIONS = YES;
				CLANG_WARN_DIRECT_OBJC_ISA_USAGE = YES_ERROR;
				CLANG_WARN_DOCUMENTATION_COMMENTS = YES;
				CLANG_WARN_EMPTY_BODY = YES;
				CLANG_WARN_ENUM_CONVERSION = YES;
				CLANG_WARN_INFINITE_RECURSION = YES;
				CLANG_WARN_INT_CONVERSION = YES;
				CLANG_WARN_NON_LITERAL_NULL_CONVERSION = YES;
				CLANG_WARN_OBJC_IMPLICIT_RETAIN_SELF = YES;
				CLANG_WARN_OBJC_LITERAL_CONVERSION = YES;
				CLANG_WARN_OBJC_ROOT_CLASS = YES_ERROR;
				CLANG_WARN_QUOTED_INCLUDE_IN_FRAMEWORK_HEADER = YES;
				CLANG_WARN_RANGE_LOOP_ANALYSIS = YES;
				CLANG_WARN_STRICT_PROTOTYPES = YES;
				CLANG_WARN_SUSPICIOUS_MOVE = YES;
				CLANG_WARN_UNGUARDED_AVAILABILITY = YES_AGGRESSIVE;
				CLANG_WARN_UNREACHABLE_CODE = YES;
				CLANG_WARN__DUPLICATE_METHOD_MATCH = YES;
				COPY_PHASE_STRIP = NO;
				DEBUG_INFORMATION_FORMAT = "dwarf-with-dsym";
				ENABLE_NS_ASSERTIONS = NO;
				ENABLE_STRICT_OBJC_MSGSEND = YES;
				GCC_C_LANGUAGE_STANDARD = gnu11;
				GCC_NO_COMMON_BLOCKS = YES;
				GCC_WARN_64_TO_32_BIT_CONVERSION = YES;
				GCC_WARN_ABOUT_RETURN_TYPE = YES_ERROR;
				GCC_WARN_UNDECLARED_SELECTOR = YES;
				GCC_WARN_UNINITIALIZED_AUTOS = YES_AGGRESSIVE;
				GCC_WARN_UNUSED_FUNCTION = YES;
				GCC_WARN_UNUSED_VARIABLE = YES;
				IPHONEOS_DEPLOYMENT_TARGET = 16.4;
				MTL_ENABLE_DEBUG_INFO = NO;
				MTL_FAST_MATH = YES;
				SDKROOT = iphoneos;
				SWIFT_COMPILATION_MODE = wholemodule;
				SWIFT_OPTIMIZATION_LEVEL = "-O";
				VALIDATE_PRODUCT = YES;
			};
			name = Release;
		};
		4853B61A2DA590DD00E64A85 /* Debug */ = {
			isa = XCBuildConfiguration;
			buildSettings = {
				ASSETCATALOG_COMPILER_APPICON_NAME = AppIcon;
				ASSETCATALOG_COMPILER_GLOBAL_ACCENT_COLOR_NAME = AccentColor;
				CODE_SIGN_STYLE = Automatic;
				CURRENT_PROJECT_VERSION = 1;
				DEVELOPMENT_ASSET_PATHS = "\"MyMapApp/Preview Content\"";
				DEVELOPMENT_TEAM = KBR69A5DZR;
				ENABLE_PREVIEWS = YES;
				GENERATE_INFOPLIST_FILE = YES;
				INFOPLIST_FILE = MyMapApp/Info.plist;
				INFOPLIST_KEY_UIApplicationSceneManifest_Generation = YES;
				INFOPLIST_KEY_UIApplicationSupportsIndirectInputEvents = YES;
				INFOPLIST_KEY_UISupportedInterfaceOrientations = UIInterfaceOrientationPortrait;
				INFOPLIST_KEY_UISupportedInterfaceOrientations_iPad = "UIInterfaceOrientationLandscapeLeft UIInterfaceOrientationLandscapeRight UIInterfaceOrientationPortrait UIInterfaceOrientationPortraitUpsideDown";
				LD_RUNPATH_SEARCH_PATHS = (
					"$(inherited)",
					"@executable_path/Frameworks",
				);
				MARKETING_VERSION = 1.0;
				PRODUCT_BUNDLE_IDENTIFIER = timur.pro.MyMapApp;
				PRODUCT_NAME = "$(TARGET_NAME)";
				SWIFT_EMIT_LOC_STRINGS = YES;
				SWIFT_VERSION = 5.0;
				TARGETED_DEVICE_FAMILY = "1,2";
			};
			name = Debug;
		};
		4853B61B2DA590DD00E64A85 /* Release */ = {
			isa = XCBuildConfiguration;
			buildSettings = {
				ASSETCATALOG_COMPILER_APPICON_NAME = AppIcon;
				ASSETCATALOG_COMPILER_GLOBAL_ACCENT_COLOR_NAME = AccentColor;
				CODE_SIGN_STYLE = Automatic;
				CURRENT_PROJECT_VERSION = 1;
				DEVELOPMENT_ASSET_PATHS = "\"MyMapApp/Preview Content\"";
				DEVELOPMENT_TEAM = KBR69A5DZR;
				ENABLE_PREVIEWS = YES;
				GENERATE_INFOPLIST_FILE = YES;
				INFOPLIST_FILE = MyMapApp/Info.plist;
				INFOPLIST_KEY_UIApplicationSceneManifest_Generation = YES;
				INFOPLIST_KEY_UIApplicationSupportsIndirectInputEvents = YES;
				INFOPLIST_KEY_UISupportedInterfaceOrientations = UIInterfaceOrientationPortrait;
				INFOPLIST_KEY_UISupportedInterfaceOrientations_iPad = "UIInterfaceOrientationLandscapeLeft UIInterfaceOrientationLandscapeRight UIInterfaceOrientationPortrait UIInterfaceOrientationPortraitUpsideDown";
				LD_RUNPATH_SEARCH_PATHS = (
					"$(inherited)",
					"@executable_path/Frameworks",
				);
				MARKETING_VERSION = 1.0;
				PRODUCT_BUNDLE_IDENTIFIER = timur.pro.MyMapApp;
				PRODUCT_NAME = "$(TARGET_NAME)";
				SWIFT_EMIT_LOC_STRINGS = YES;
				SWIFT_VERSION = 5.0;
				TARGETED_DEVICE_FAMILY = "1,2";
			};
			name = Release;
		};
/* End XCBuildConfiguration section */

/* Begin XCConfigurationList section */
		4853B6062DA590DC00E64A85 /* Build configuration list for PBXProject "MyMapApp" */ = {
			isa = XCConfigurationList;
			buildConfigurations = (
				4853B6172DA590DD00E64A85 /* Debug */,
				4853B6182DA590DD00E64A85 /* Release */,
			);
			defaultConfigurationIsVisible = 0;
			defaultConfigurationName = Release;
		};
		4853B6192DA590DD00E64A85 /* Build configuration list for PBXNativeTarget "MyMapApp" */ = {
			isa = XCConfigurationList;
			buildConfigurations = (
				4853B61A2DA590DD00E64A85 /* Debug */,
				4853B61B2DA590DD00E64A85 /* Release */,
			);
			defaultConfigurationIsVisible = 0;
			defaultConfigurationName = Release;
		};
/* End XCConfigurationList section */
	};
	rootObject = 4853B6032DA590DC00E64A85 /* Project object */;
}
